// !$*UTF8*$!
{
	archiveVersion = 1;
	classes = {
	};
	objectVersion = 46;
	objects = {

/* Begin PBXBuildFile section */
		B626E0C41ECD3D880024FC6B /* AppDelegate.swift in Sources */ = {isa = PBXBuildFile; fileRef = B626E0C31ECD3D880024FC6B /* AppDelegate.swift */; };
		B626E0C61ECD3D880024FC6B /* ViewController.swift in Sources */ = {isa = PBXBuildFile; fileRef = B626E0C51ECD3D880024FC6B /* ViewController.swift */; };
		B626E0C91ECD3D880024FC6B /* Main.storyboard in Resources */ = {isa = PBXBuildFile; fileRef = B626E0C71ECD3D880024FC6B /* Main.storyboard */; };
		B626E0CB1ECD3D880024FC6B /* Assets.xcassets in Resources */ = {isa = PBXBuildFile; fileRef = B626E0CA1ECD3D880024FC6B /* Assets.xcassets */; };
		B626E0CE1ECD3D880024FC6B /* LaunchScreen.storyboard in Resources */ = {isa = PBXBuildFile; fileRef = B626E0CC1ECD3D880024FC6B /* LaunchScreen.storyboard */; };
/* End PBXBuildFile section */

/* Begin PBXFileReference section */
		B626E0C01ECD3D870024FC6B /* RunningBall.app */ = {isa = PBXFileReference; explicitFileType = wrapper.application; includeInIndex = 0; path = RunningBall.app; sourceTree = BUILT_PRODUCTS_DIR; };
		B626E0C31ECD3D880024FC6B /* AppDelegate.swift */ = {isa = PBXFileReference; lastKnownFileType = sourcecode.swift; path = AppDelegate.swift; sourceTree = "<group>"; };
		B626E0C51ECD3D880024FC6B /* ViewController.swift */ = {isa = PBXFileReference; lastKnownFileType = sourcecode.swift; path = ViewController.swift; sourceTree = "<group>"; };
		B626E0C81ECD3D880024FC6B /* Base */ = {isa = PBXFileReference; lastKnownFileType = file.storyboard; name = Base; path = Base.lproj/Main.storyboard; sourceTree = "<group>"; };
		B626E0CA1ECD3D880024FC6B /* Assets.xcassets */ = {isa = PBXFileReference; lastKnownFileType = folder.assetcatalog; path = Assets.xcassets; sourceTree = "<group>"; };
		B626E0CD1ECD3D880024FC6B /* Base */ = {isa = PBXFileReference; lastKnownFileType = file.storyboard; name = Base; path = Base.lproj/LaunchScreen.storyboard; sourceTree = "<group>"; };
		B626E0CF1ECD3D880024FC6B /* Info.plist */ = {isa = PBXFileReference; lastKnownFileType = text.plist.xml; path = Info.plist; sourceTree = "<group>"; };
/* End PBXFileReference section */

/* Begin PBXFrameworksBuildPhase section */
		B626E0BD1ECD3D870024FC6B /* Frameworks */ = {
			isa = PBXFrameworksBuildPhase;
			buildActionMask = 2147483647;
			files = (
			);
			runOnlyForDeploymentPostprocessing = 0;
		};
/* End PBXFrameworksBuildPhase section */

/* Begin PBXGroup section */
		B626E0B71ECD3D870024FC6B = {
			isa = PBXGroup;
			children = (
				B626E0C21ECD3D870024FC6B /* RunningBall */,
				B626E0C11ECD3D870024FC6B /* Products */,
			);
			sourceTree = "<group>";
		};
		B626E0C11ECD3D870024FC6B /* Products */ = {
			isa = PBXGroup;
			children = (
				B626E0C01ECD3D870024FC6B /* RunningBall.app */,
			);
			name = Products;
			sourceTree = "<group>";
		};
		B626E0C21ECD3D870024FC6B /* RunningBall */ = {
			isa = PBXGroup;
			children = (
				B626E0C31ECD3D880024FC6B /* AppDelegate.swift */,
				B626E0C51ECD3D880024FC6B /* ViewController.swift */,
				B626E0C71ECD3D880024FC6B /* Main.storyboard */,
				B626E0CA1ECD3D880024FC6B /* Assets.xcassets */,
				B626E0CC1ECD3D880024FC6B /* LaunchScreen.storyboard */,
				B626E0CF1ECD3D880024FC6B /* Info.plist */,
			);
			path = RunningBall;
			sourceTree = "<group>";
		};
/* End PBXGroup section */

/* Begin PBXNativeTarget section */
		B626E0BF1ECD3D870024FC6B /* RunningBall */ = {
			isa = PBXNativeTarget;
			buildConfigurationList = B626E0D21ECD3D880024FC6B /* Build configuration list for PBXNativeTarget "RunningBall" */;
			buildPhases = (
				B626E0BC1ECD3D870024FC6B /* Sources */,
				B626E0BD1ECD3D870024FC6B /* Frameworks */,
				B626E0BE1ECD3D870024FC6B /* Resources */,
			);
			buildRules = (
			);
			dependencies = (
			);
			name = RunningBall;
			productName = RunningBall;
			productReference = B626E0C01ECD3D870024FC6B /* RunningBall.app */;
			productType = "com.apple.product-type.application";
		};
/* End PBXNativeTarget section */

/* Begin PBXProject section */
		B626E0B81ECD3D870024FC6B /* Project object */ = {
			isa = PBXProject;
			attributes = {
				LastSwiftUpdateCheck = 0830;
				LastUpgradeCheck = 0830;
				ORGANIZATIONNAME = silverpear;
				TargetAttributes = {
					B626E0BF1ECD3D870024FC6B = {
						CreatedOnToolsVersion = 8.3.2;
						ProvisioningStyle = Automatic;
					};
				};
			};
			buildConfigurationList = B626E0BB1ECD3D870024FC6B /* Build configuration list for PBXProject "RunningBall" */;
			compatibilityVersion = "Xcode 3.2";
			developmentRegion = English;
			hasScannedForEncodings = 0;
			knownRegions = (
				en,
				Base,
			);
			mainGroup = B626E0B71ECD3D870024FC6B;
			productRefGroup = B626E0C11ECD3D870024FC6B /* Products */;
			projectDirPath = "";
			projectRoot = "";
			targets = (
				B626E0BF1ECD3D870024FC6B /* RunningBall */,
			);
		};
/* End PBXProject section */

/* Begin PBXResourcesBuildPhase section */
		B626E0BE1ECD3D870024FC6B /* Resources */ = {
			isa = PBXResourcesBuildPhase;
			buildActionMask = 2147483647;
			files = (
				B626E0CE1ECD3D880024FC6B /* LaunchScreen.storyboard in Resources */,
				B626E0CB1ECD3D880024FC6B /* Assets.xcassets in Resources */,
				B626E0C91ECD3D880024FC6B /* Main.storyboard in Resources */,
			);
			runOnlyForDeploymentPostprocessing = 0;
		};
/* End PBXResourcesBuildPhase section */

/* Begin PBXSourcesBuildPhase section */
		B626E0BC1ECD3D870024FC6B /* Sources */ = {
			isa = PBXSourcesBuildPhase;
			buildActionMask = 2147483647;
			files = (
				B626E0C61ECD3D880024FC6B /* ViewController.swift in Sources */,
				B626E0C41ECD3D880024FC6B /* AppDelegate.swift in Sources */,
			);
			runOnlyForDeploymentPostprocessing = 0;
		};
/* End PBXSourcesBuildPhase section */

/* Begin PBXVariantGroup section */
		B626E0C71ECD3D880024FC6B /* Main.storyboard */ = {
			isa = PBXVariantGroup;
			children = (
				B626E0C81ECD3D880024FC6B /* Base */,
			);
			name = Main.storyboard;
			sourceTree = "<group>";
		};
		B626E0CC1ECD3D880024FC6B /* LaunchScreen.storyboard */ = {
			isa = PBXVariantGroup;
			children = (
				B626E0CD1ECD3D880024FC6B /* Base */,
			);
			name = LaunchScreen.storyboard;
			sourceTree = "<group>";
		};
/* End PBXVariantGroup section */

/* Begin XCBuildConfiguration section */
		B626E0D01ECD3D880024FC6B /* Debug */ = {
			isa = XCBuildConfiguration;
			buildSettings = {
				ALWAYS_SEARCH_USER_PATHS = NO;
				CLANG_ANALYZER_NONNULL = YES;
				CLANG_ANALYZER_NUMBER_OBJECT_CONVERSION = YES_AGGRESSIVE;
				CLANG_CXX_LANGUAGE_STANDARD = "gnu++0x";
				CLANG_CXX_LIBRARY = "libc++";
				CLANG_ENABLE_MODULES = YES;
				CLANG_ENABLE_OBJC_ARC = YES;
				CLANG_WARN_BOOL_CONVERSION = YES;
				CLANG_WARN_CONSTANT_CONVERSION = YES;
				CLANG_WARN_DIRECT_OBJC_ISA_USAGE = YES_ERROR;
				CLANG_WARN_DOCUMENTATION_COMMENTS = YES;
				CLANG_WARN_EMPTY_BODY = YES;
				CLANG_WARN_ENUM_CONVERSION = YES;
				CLANG_WARN_INFINITE_RECURSION = YES;
				CLANG_WARN_INT_CONVERSION = YES;
				CLANG_WARN_OBJC_ROOT_CLASS = YES_ERROR;
				CLANG_WARN_SUSPICIOUS_MOVE = YES;
				CLANG_WARN_UNREACHABLE_CODE = YES;
				CLANG_WARN__DUPLICATE_METHOD_MATCH = YES;
				"CODE_SIGN_IDENTITY[sdk=iphoneos*]" = "iPhone Developer";
				COPY_PHASE_STRIP = NO;
				DEBUG_INFORMATION_FORMAT = dwarf;
				ENABLE_STRICT_OBJC_MSGSEND = YES;
				ENABLE_TESTABILITY = YES;
				GCC_C_LANGUAGE_STANDARD = gnu99;
				GCC_DYNAMIC_NO_PIC = NO;
				GCC_NO_COMMON_BLOCKS = YES;
				GCC_OPTIMIZATION_LEVEL = 0;
				GCC_PREPROCESSOR_DEFINITIONS = (
					"DEBUG=1",
					"$(inherited)",
				);
				GCC_WARN_64_TO_32_BIT_CONVERSION = YES;
				GCC_WARN_ABOUT_RETURN_TYPE = YES_ERROR;
				GCC_WARN_UNDECLARED_SELECTOR = YES;
				GCC_WARN_UNINITIALIZED_AUTOS = YES_AGGRESSIVE;
				GCC_WARN_UNUSED_FUNCTION = YES;
				GCC_WARN_UNUSED_VARIABLE = YES;
				IPHONEOS_DEPLOYMENT_TARGET = 10.3;
				MTL_ENABLE_DEBUG_INFO = YES;
				ONLY_ACTIVE_ARCH = YES;
				SDKROOT = iphoneos;
				SWIFT_ACTIVE_COMPILATION_CONDITIONS = DEBUG;
				SWIFT_OPTIMIZATION_LEVEL = "-Onone";
			};
			name = Debug;
		};
		B626E0D11ECD3D880024FC6B /* Release */ = {
			isa = XCBuildConfiguration;
			buildSettings = {
				ALWAYS_SEARCH_USER_PATHS = NO;
				CLANG_ANALYZER_NONNULL = YES;
				CLANG_ANALYZER_NUMBER_OBJECT_CONVERSION = YES_AGGRESSIVE;
				CLANG_CXX_LANGUAGE_STANDARD = "gnu++0x";
				CLANG_CXX_LIBRARY = "libc++";
				CLANG_ENABLE_MODULES = YES;
				CLANG_ENABLE_OBJC_ARC = YES;
				CLANG_WARN_BOOL_CONVERSION = YES;
				CLANG_WARN_CONSTANT_CONVERSION = YES;
				CLANG_WARN_DIRECT_OBJC_ISA_USAGE = YES_ERROR;
				CLANG_WARN_DOCUMENTATION_COMMENTS = YES;
				CLANG_WARN_EMPTY_BODY = YES;
				CLANG_WARN_ENUM_CONVERSION = YES;
				CLANG_WARN_INFINITE_RECURSION = YES;
				CLANG_WARN_INT_CONVERSION = YES;
				CLANG_WARN_OBJC_ROOT_CLASS = YES_ERROR;
				CLANG_WARN_SUSPICIOUS_MOVE = YES;
				CLANG_WARN_UNREACHABLE_CODE = YES;
				CLANG_WARN__DUPLICATE_METHOD_MATCH = YES;
				"CODE_SIGN_IDENTITY[sdk=iphoneos*]" = "iPhone Developer";
				COPY_PHASE_STRIP = NO;
				DEBUG_INFORMATION_FORMAT = "dwarf-with-dsym";
				ENABLE_NS_ASSERTIONS = NO;
				ENABLE_STRICT_OBJC_MSGSEND = YES;
				GCC_C_LANGUAGE_STANDARD = gnu99;
				GCC_NO_COMMON_BLOCKS = YES;
				GCC_WARN_64_TO_32_BIT_CONVERSION = YES;
				GCC_WARN_ABOUT_RETURN_TYPE = YES_ERROR;
				GCC_WARN_UNDECLARED_SELECTOR = YES;
				GCC_WARN_UNINITIALIZED_AUTOS = YES_AGGRESSIVE;
				GCC_WARN_UNUSED_FUNCTION = YES;
				GCC_WARN_UNUSED_VARIABLE = YES;
				IPHONEOS_DEPLOYMENT_TARGET = 10.3;
				MTL_ENABLE_DEBUG_INFO = NO;
				SDKROOT = iphoneos;
				SWIFT_OPTIMIZATION_LEVEL = "-Owholemodule";
				VALIDATE_PRODUCT = YES;
			};
			name = Release;
		};
		B626E0D31ECD3D880024FC6B /* Debug */ = {
			isa = XCBuildConfiguration;
			buildSettings = {
				ASSETCATALOG_COMPILER_APPICON_NAME = AppIcon;
				INFOPLIST_FILE = RunningBall/Info.plist;
				LD_RUNPATH_SEARCH_PATHS = "$(inherited) @executable_path/Frameworks";
				PRODUCT_BUNDLE_IDENTIFIER = com.silverpear.RunningBall;
				PRODUCT_NAME = "$(TARGET_NAME)";
				SWIFT_VERSION = 3.0;
			};
			name = Debug;
		};
		B626E0D41ECD3D880024FC6B /* Release */ = {
			isa = XCBuildConfiguration;
			buildSettings = {
				ASSETCATALOG_COMPILER_APPICON_NAME = AppIcon;
				INFOPLIST_FILE = RunningBall/Info.plist;
				LD_RUNPATH_SEARCH_PATHS = "$(inherited) @executable_path/Frameworks";
				PRODUCT_BUNDLE_IDENTIFIER = com.silverpear.RunningBall;
				PRODUCT_NAME = "$(TARGET_NAME)";
				SWIFT_VERSION = 3.0;
			};
			name = Release;
		};
/* End XCBuildConfiguration section */

/* Begin XCConfigurationList section */
		B626E0BB1ECD3D870024FC6B /* Build configuration list for PBXProject "RunningBall" */ = {
			isa = XCConfigurationList;
			buildConfigurations = (
				B626E0D01ECD3D880024FC6B /* Debug */,
				B626E0D11ECD3D880024FC6B /* Release */,
			);
			defaultConfigurationIsVisible = 0;
			defaultConfigurationName = Release;
		};
		B626E0D21ECD3D880024FC6B /* Build configuration list for PBXNativeTarget "RunningBall" */ = {
			isa = XCConfigurationList;
			buildConfigurations = (
				B626E0D31ECD3D880024FC6B /* Debug */,
				B626E0D41ECD3D880024FC6B /* Release */,
			);
			defaultConfigurationIsVisible = 0;
		};
/* End XCConfigurationList section */
	};
	rootObject = B626E0B81ECD3D870024FC6B /* Project object */;
}
